
Microsoft Visual Studio Solution File, Format Version 12.00
# Visual Studio Version 17
VisualStudioVersion = 17.4.33213.308
MinimumVisualStudioVersion = 10.0.40219.1
Project("{FAE04EC0-301F-11D3-BF4B-00C04F79EFBC}") = "BasicApp", "BasicApp\BasicApp.csproj", "{0FA8CFA8-2C41-405E-AF0F-42E6972FB9CE}"
EndProject
Global
	GlobalSection(SolutionConfigurationPlatforms) = preSolution
		Debug|Any CPU = Debug|Any CPU
		Release|Any CPU = Release|Any CPU
	EndGlobalSection
	GlobalSection(ProjectConfigurationPlatforms) = postSolution
		{0FA8CFA8-2C41-405E-AF0F-42E6972FB9CE}.Debug|Any CPU.ActiveCfg = Debug|Any CPU
		{0FA8CFA8-2C41-405E-AF0F-42E6972FB9CE}.Debug|Any CPU.Build.0 = Debug|Any CPU
		{0FA8CFA8-2C41-405E-AF0F-42E6972FB9CE}.Release|Any CPU.ActiveCfg = Release|Any CPU
		{0FA8CFA8-2C41-405E-AF0F-42E6972FB9CE}.Release|Any CPU.Build.0 = Release|Any CPU
	EndGlobalSection
	GlobalSection(SolutionProperties) = preSolution
		HideSolutionNode = FALSE
	EndGlobalSection
	GlobalSection(ExtensibilityGlobals) = postSolution
		SolutionGuid = {94DA1C8C-DEC1-488B-A104-54014D8B5142}
	EndGlobalSection
EndGlobal
